
Microsoft Visual Studio Solution File, Format Version 12.00
# Visual Studio 2015
Project("{FAE04EC0-301F-11D3-BF4B-00C04F79EFBC}") = "Survive Sink.Plugins", "Survive Sink.Plugins.csproj", "{662507E3-08D3-7C3B-B683-793CDB7737AB}"
EndProject
Project("{FAE04EC0-301F-11D3-BF4B-00C04F79EFBC}") = "Survive Sink", "Survive Sink.csproj", "{1899BE0A-2BB1-8A92-3E87-871F07E08B55}"
EndProject
Project("{FAE04EC0-301F-11D3-BF4B-00C04F79EFBC}") = "Survive Sink.Editor", "Survive Sink.Editor.csproj", "{A7D74AC7-6C1D-7771-E666-B8F2DAAC66E7}"
EndProject
Global
	GlobalSection(SolutionConfigurationPlatforms) = preSolution
		Debug|Any CPU = Debug|Any CPU
		Release|Any CPU = Release|Any CPU
	EndGlobalSection
	GlobalSection(ProjectConfigurationPlatforms) = postSolution
		{662507E3-08D3-7C3B-B683-793CDB7737AB}.Debug|Any CPU.ActiveCfg = Debug|Any CPU
		{662507E3-08D3-7C3B-B683-793CDB7737AB}.Debug|Any CPU.Build.0 = Debug|Any CPU
		{662507E3-08D3-7C3B-B683-793CDB7737AB}.Release|Any CPU.ActiveCfg = Release|Any CPU
		{662507E3-08D3-7C3B-B683-793CDB7737AB}.Release|Any CPU.Build.0 = Release|Any CPU
		{1899BE0A-2BB1-8A92-3E87-871F07E08B55}.Debug|Any CPU.ActiveCfg = Debug|Any CPU
		{1899BE0A-2BB1-8A92-3E87-871F07E08B55}.Debug|Any CPU.Build.0 = Debug|Any CPU
		{1899BE0A-2BB1-8A92-3E87-871F07E08B55}.Release|Any CPU.ActiveCfg = Release|Any CPU
		{1899BE0A-2BB1-8A92-3E87-871F07E08B55}.Release|Any CPU.Build.0 = Release|Any CPU
		{A7D74AC7-6C1D-7771-E666-B8F2DAAC66E7}.Debug|Any CPU.ActiveCfg = Debug|Any CPU
		{A7D74AC7-6C1D-7771-E666-B8F2DAAC66E7}.Debug|Any CPU.Build.0 = Debug|Any CPU
		{A7D74AC7-6C1D-7771-E666-B8F2DAAC66E7}.Release|Any CPU.ActiveCfg = Release|Any CPU
		{A7D74AC7-6C1D-7771-E666-B8F2DAAC66E7}.Release|Any CPU.Build.0 = Release|Any CPU
	EndGlobalSection
	GlobalSection(SolutionProperties) = preSolution
		HideSolutionNode = FALSE
	EndGlobalSection
EndGlobal
