<<<<<<< HEAD
﻿
Microsoft Visual Studio Solution File, Format Version 12.00
# Visual Studio 2015
Project("{FAE04EC0-301F-11D3-BF4B-00C04F79EFBC}") = "Survive Sink.CSharp.Plugins", "Survive Sink.CSharp.Plugins.csproj", "{CC6CCB37-574A-02F9-0543-5EC8D5DF4EA4}"
EndProject
Project("{FAE04EC0-301F-11D3-BF4B-00C04F79EFBC}") = "Survive Sink.CSharp", "Survive Sink.CSharp.csproj", "{1A193DFA-B971-B7C0-49BE-C7034D1DBA7E}"
=======
Microsoft Visual Studio Solution File, Format Version 11.00
# Visual Studio 2008

Project("{AA6C497F-77F3-2F82-C72A-A6C37F8E2168}") = "Survive Sink", "Assembly-CSharp-firstpass.csproj", "{FEF19170-1199-EB5B-B389-2AB5D6CC478A}"
>>>>>>> refs/remotes/origin/master
EndProject
Project("{AA6C497F-77F3-2F82-C72A-A6C37F8E2168}") = "Survive Sink", "Assembly-CSharp.csproj", "{A326EAC3-0309-F6B5-1289-626ECABC2239}"
EndProject
Project("{AA6C497F-77F3-2F82-C72A-A6C37F8E2168}") = "Survive Sink", "Assembly-CSharp-Editor.csproj", "{E7BD90B7-DFC4-FE72-2C54-AFBA5463B422}"
EndProject
Global
	GlobalSection(SolutionConfigurationPlatforms) = preSolution
		Debug|Any CPU = Debug|Any CPU
		Release|Any CPU = Release|Any CPU
	EndGlobalSection
	GlobalSection(ProjectConfigurationPlatforms) = postSolution
<<<<<<< HEAD
		{CC6CCB37-574A-02F9-0543-5EC8D5DF4EA4}.Debug|Any CPU.ActiveCfg = Debug|Any CPU
		{CC6CCB37-574A-02F9-0543-5EC8D5DF4EA4}.Debug|Any CPU.Build.0 = Debug|Any CPU
		{CC6CCB37-574A-02F9-0543-5EC8D5DF4EA4}.Release|Any CPU.ActiveCfg = Release|Any CPU
		{CC6CCB37-574A-02F9-0543-5EC8D5DF4EA4}.Release|Any CPU.Build.0 = Release|Any CPU
		{1A193DFA-B971-B7C0-49BE-C7034D1DBA7E}.Debug|Any CPU.ActiveCfg = Debug|Any CPU
		{1A193DFA-B971-B7C0-49BE-C7034D1DBA7E}.Debug|Any CPU.Build.0 = Debug|Any CPU
		{1A193DFA-B971-B7C0-49BE-C7034D1DBA7E}.Release|Any CPU.ActiveCfg = Release|Any CPU
		{1A193DFA-B971-B7C0-49BE-C7034D1DBA7E}.Release|Any CPU.Build.0 = Release|Any CPU
		{28571B85-1996-0A09-9BDB-8BE4429EF20E}.Debug|Any CPU.ActiveCfg = Debug|Any CPU
		{28571B85-1996-0A09-9BDB-8BE4429EF20E}.Debug|Any CPU.Build.0 = Debug|Any CPU
		{28571B85-1996-0A09-9BDB-8BE4429EF20E}.Release|Any CPU.ActiveCfg = Release|Any CPU
		{28571B85-1996-0A09-9BDB-8BE4429EF20E}.Release|Any CPU.Build.0 = Release|Any CPU
=======
		{FEF19170-1199-EB5B-B389-2AB5D6CC478A}.Debug|Any CPU.ActiveCfg = Debug|Any CPU
		{FEF19170-1199-EB5B-B389-2AB5D6CC478A}.Debug|Any CPU.Build.0 = Debug|Any CPU
		{FEF19170-1199-EB5B-B389-2AB5D6CC478A}.Release|Any CPU.ActiveCfg = Release|Any CPU
		{FEF19170-1199-EB5B-B389-2AB5D6CC478A}.Release|Any CPU.Build.0 = Release|Any CPU
		{A326EAC3-0309-F6B5-1289-626ECABC2239}.Debug|Any CPU.ActiveCfg = Debug|Any CPU
		{A326EAC3-0309-F6B5-1289-626ECABC2239}.Debug|Any CPU.Build.0 = Debug|Any CPU
		{A326EAC3-0309-F6B5-1289-626ECABC2239}.Release|Any CPU.ActiveCfg = Release|Any CPU
		{A326EAC3-0309-F6B5-1289-626ECABC2239}.Release|Any CPU.Build.0 = Release|Any CPU
		{E7BD90B7-DFC4-FE72-2C54-AFBA5463B422}.Debug|Any CPU.ActiveCfg = Debug|Any CPU
		{E7BD90B7-DFC4-FE72-2C54-AFBA5463B422}.Debug|Any CPU.Build.0 = Debug|Any CPU
		{E7BD90B7-DFC4-FE72-2C54-AFBA5463B422}.Release|Any CPU.ActiveCfg = Release|Any CPU
		{E7BD90B7-DFC4-FE72-2C54-AFBA5463B422}.Release|Any CPU.Build.0 = Release|Any CPU
>>>>>>> refs/remotes/origin/master
	EndGlobalSection
	GlobalSection(SolutionProperties) = preSolution
		HideSolutionNode = FALSE
	EndGlobalSection
	GlobalSection(MonoDevelopProperties) = preSolution
		StartupItem = Assembly-CSharp.csproj
	EndGlobalSection
EndGlobal
