Microsoft Visual Studio Solution File, Format Version 11.00
# Visual Studio 2008

Project("{AA6C497F-77F3-2F82-C72A-A6C37F8E2168}") = "Survive Sink", "Assembly-CSharp-firstpass.csproj", "{FEF19170-1199-EB5B-B389-2AB5D6CC478A}"
EndProject
Project("{AA6C497F-77F3-2F82-C72A-A6C37F8E2168}") = "Survive Sink", "Assembly-CSharp.csproj", "{A326EAC3-0309-F6B5-1289-626ECABC2239}"
EndProject
Project("{AA6C497F-77F3-2F82-C72A-A6C37F8E2168}") = "Survive Sink", "Assembly-CSharp-Editor.csproj", "{E7BD90B7-DFC4-FE72-2C54-AFBA5463B422}"
EndProject
Global
	GlobalSection(SolutionConfigurationPlatforms) = preSolution
		Debug|Any CPU = Debug|Any CPU
		Release|Any CPU = Release|Any CPU
	EndGlobalSection
	GlobalSection(ProjectConfigurationPlatforms) = postSolution
		{FEF19170-1199-EB5B-B389-2AB5D6CC478A}.Debug|Any CPU.ActiveCfg = Debug|Any CPU
		{FEF19170-1199-EB5B-B389-2AB5D6CC478A}.Debug|Any CPU.Build.0 = Debug|Any CPU
		{FEF19170-1199-EB5B-B389-2AB5D6CC478A}.Release|Any CPU.ActiveCfg = Release|Any CPU
		{FEF19170-1199-EB5B-B389-2AB5D6CC478A}.Release|Any CPU.Build.0 = Release|Any CPU
		{A326EAC3-0309-F6B5-1289-626ECABC2239}.Debug|Any CPU.ActiveCfg = Debug|Any CPU
		{A326EAC3-0309-F6B5-1289-626ECABC2239}.Debug|Any CPU.Build.0 = Debug|Any CPU
		{A326EAC3-0309-F6B5-1289-626ECABC2239}.Release|Any CPU.ActiveCfg = Release|Any CPU
		{A326EAC3-0309-F6B5-1289-626ECABC2239}.Release|Any CPU.Build.0 = Release|Any CPU
		{E7BD90B7-DFC4-FE72-2C54-AFBA5463B422}.Debug|Any CPU.ActiveCfg = Debug|Any CPU
		{E7BD90B7-DFC4-FE72-2C54-AFBA5463B422}.Debug|Any CPU.Build.0 = Debug|Any CPU
		{E7BD90B7-DFC4-FE72-2C54-AFBA5463B422}.Release|Any CPU.ActiveCfg = Release|Any CPU
		{E7BD90B7-DFC4-FE72-2C54-AFBA5463B422}.Release|Any CPU.Build.0 = Release|Any CPU
	EndGlobalSection
	GlobalSection(SolutionProperties) = preSolution
		HideSolutionNode = FALSE
	EndGlobalSection
	GlobalSection(MonoDevelopProperties) = preSolution
		StartupItem = Assembly-CSharp.csproj
	EndGlobalSection
EndGlobal
